
Microsoft Visual Studio Solution File, Format Version 12.00
# Visual Studio 2012
VisualStudioVersion = 14.0.24720.0
MinimumVisualStudioVersion = 10.0.40219.1
Project("{FAE04EC0-301F-11D3-BF4B-00C04F79EFBC}") = "XamFormsMarvel", "XamFormsMarvel\XamFormsMarvel.csproj", "{C46F37C1-81A7-4E53-8B23-4A3113EDADA2}"
EndProject
Project("{FAE04EC0-301F-11D3-BF4B-00C04F79EFBC}") = "XamFormsMarvel.iOS", "iOS\XamFormsMarvel.iOS.csproj", "{A39C80BB-5EA5-41CD-8866-96AEBFE70CA8}"
EndProject
Project("{FAE04EC0-301F-11D3-BF4B-00C04F79EFBC}") = "XamFormsMarvel.Droid", "Droid\XamFormsMarvel.Droid.csproj", "{3F3CFDCF-4A22-4ECA-AD80-2E4353AF2473}"
EndProject
Project("{FAE04EC0-301F-11D3-BF4B-00C04F79EFBC}") = "XamFormsMarvel.UITests", "UITests\XamFormsMarvel.UITests.csproj", "{5994BF16-BBF0-46D2-A1AF-11D3641F6048}"
EndProject
Project("{FAE04EC0-301F-11D3-BF4B-00C04F79EFBC}") = "XamFormsMarvel.UWP", "XamFormsMarvel.UWP\XamFormsMarvel.UWP.csproj", "{BDB7B129-A976-4B5A-8368-065D59840A47}"
EndProject
Global
	GlobalSection(SolutionConfigurationPlatforms) = preSolution
		Debug|Any CPU = Debug|Any CPU
		Debug|ARM = Debug|ARM
		Debug|iPhone = Debug|iPhone
		Debug|iPhoneSimulator = Debug|iPhoneSimulator
		Debug|x64 = Debug|x64
		Debug|x86 = Debug|x86
		Release|Any CPU = Release|Any CPU
		Release|ARM = Release|ARM
		Release|iPhone = Release|iPhone
		Release|iPhoneSimulator = Release|iPhoneSimulator
		Release|x64 = Release|x64
		Release|x86 = Release|x86
	EndGlobalSection
	GlobalSection(ProjectConfigurationPlatforms) = postSolution
		{3F3CFDCF-4A22-4ECA-AD80-2E4353AF2473}.Debug|Any CPU.ActiveCfg = Debug|Any CPU
		{3F3CFDCF-4A22-4ECA-AD80-2E4353AF2473}.Debug|Any CPU.Build.0 = Debug|Any CPU
		{3F3CFDCF-4A22-4ECA-AD80-2E4353AF2473}.Debug|Any CPU.Deploy.0 = Debug|Any CPU
		{3F3CFDCF-4A22-4ECA-AD80-2E4353AF2473}.Debug|ARM.ActiveCfg = Debug|Any CPU
		{3F3CFDCF-4A22-4ECA-AD80-2E4353AF2473}.Debug|ARM.Build.0 = Debug|Any CPU
		{3F3CFDCF-4A22-4ECA-AD80-2E4353AF2473}.Debug|ARM.Deploy.0 = Debug|Any CPU
		{3F3CFDCF-4A22-4ECA-AD80-2E4353AF2473}.Debug|iPhone.ActiveCfg = Debug|Any CPU
		{3F3CFDCF-4A22-4ECA-AD80-2E4353AF2473}.Debug|iPhone.Build.0 = Debug|Any CPU
		{3F3CFDCF-4A22-4ECA-AD80-2E4353AF2473}.Debug|iPhoneSimulator.ActiveCfg = Debug|Any CPU
		{3F3CFDCF-4A22-4ECA-AD80-2E4353AF2473}.Debug|iPhoneSimulator.Build.0 = Debug|Any CPU
		{3F3CFDCF-4A22-4ECA-AD80-2E4353AF2473}.Debug|x64.ActiveCfg = Debug|Any CPU
		{3F3CFDCF-4A22-4ECA-AD80-2E4353AF2473}.Debug|x64.Build.0 = Debug|Any CPU
		{3F3CFDCF-4A22-4ECA-AD80-2E4353AF2473}.Debug|x64.Deploy.0 = Debug|Any CPU
		{3F3CFDCF-4A22-4ECA-AD80-2E4353AF2473}.Debug|x86.ActiveCfg = Debug|Any CPU
		{3F3CFDCF-4A22-4ECA-AD80-2E4353AF2473}.Debug|x86.Build.0 = Debug|Any CPU
		{3F3CFDCF-4A22-4ECA-AD80-2E4353AF2473}.Debug|x86.Deploy.0 = Debug|Any CPU
		{3F3CFDCF-4A22-4ECA-AD80-2E4353AF2473}.Release|Any CPU.ActiveCfg = Release|Any CPU
		{3F3CFDCF-4A22-4ECA-AD80-2E4353AF2473}.Release|Any CPU.Build.0 = Release|Any CPU
		{3F3CFDCF-4A22-4ECA-AD80-2E4353AF2473}.Release|ARM.ActiveCfg = Release|Any CPU
		{3F3CFDCF-4A22-4ECA-AD80-2E4353AF2473}.Release|ARM.Build.0 = Release|Any CPU
		{3F3CFDCF-4A22-4ECA-AD80-2E4353AF2473}.Release|ARM.Deploy.0 = Release|Any CPU
		{3F3CFDCF-4A22-4ECA-AD80-2E4353AF2473}.Release|iPhone.ActiveCfg = Release|Any CPU
		{3F3CFDCF-4A22-4ECA-AD80-2E4353AF2473}.Release|iPhone.Build.0 = Release|Any CPU
		{3F3CFDCF-4A22-4ECA-AD80-2E4353AF2473}.Release|iPhoneSimulator.ActiveCfg = Release|Any CPU
		{3F3CFDCF-4A22-4ECA-AD80-2E4353AF2473}.Release|iPhoneSimulator.Build.0 = Release|Any CPU
		{3F3CFDCF-4A22-4ECA-AD80-2E4353AF2473}.Release|x64.ActiveCfg = Release|Any CPU
		{3F3CFDCF-4A22-4ECA-AD80-2E4353AF2473}.Release|x64.Build.0 = Release|Any CPU
		{3F3CFDCF-4A22-4ECA-AD80-2E4353AF2473}.Release|x64.Deploy.0 = Release|Any CPU
		{3F3CFDCF-4A22-4ECA-AD80-2E4353AF2473}.Release|x86.ActiveCfg = Release|Any CPU
		{3F3CFDCF-4A22-4ECA-AD80-2E4353AF2473}.Release|x86.Build.0 = Release|Any CPU
		{3F3CFDCF-4A22-4ECA-AD80-2E4353AF2473}.Release|x86.Deploy.0 = Release|Any CPU
		{5994BF16-BBF0-46D2-A1AF-11D3641F6048}.Debug|Any CPU.ActiveCfg = Debug|Any CPU
		{5994BF16-BBF0-46D2-A1AF-11D3641F6048}.Debug|Any CPU.Build.0 = Debug|Any CPU
		{5994BF16-BBF0-46D2-A1AF-11D3641F6048}.Debug|ARM.ActiveCfg = Debug|Any CPU
		{5994BF16-BBF0-46D2-A1AF-11D3641F6048}.Debug|ARM.Build.0 = Debug|Any CPU
		{5994BF16-BBF0-46D2-A1AF-11D3641F6048}.Debug|iPhone.ActiveCfg = Debug|Any CPU
		{5994BF16-BBF0-46D2-A1AF-11D3641F6048}.Debug|iPhone.Build.0 = Debug|Any CPU
		{5994BF16-BBF0-46D2-A1AF-11D3641F6048}.Debug|iPhoneSimulator.ActiveCfg = Debug|Any CPU
		{5994BF16-BBF0-46D2-A1AF-11D3641F6048}.Debug|iPhoneSimulator.Build.0 = Debug|Any CPU
		{5994BF16-BBF0-46D2-A1AF-11D3641F6048}.Debug|x64.ActiveCfg = Debug|Any CPU
		{5994BF16-BBF0-46D2-A1AF-11D3641F6048}.Debug|x64.Build.0 = Debug|Any CPU
		{5994BF16-BBF0-46D2-A1AF-11D3641F6048}.Debug|x86.ActiveCfg = Debug|Any CPU
		{5994BF16-BBF0-46D2-A1AF-11D3641F6048}.Debug|x86.Build.0 = Debug|Any CPU
		{5994BF16-BBF0-46D2-A1AF-11D3641F6048}.Release|Any CPU.ActiveCfg = Release|Any CPU
		{5994BF16-BBF0-46D2-A1AF-11D3641F6048}.Release|Any CPU.Build.0 = Release|Any CPU
		{5994BF16-BBF0-46D2-A1AF-11D3641F6048}.Release|ARM.ActiveCfg = Release|Any CPU
		{5994BF16-BBF0-46D2-A1AF-11D3641F6048}.Release|ARM.Build.0 = Release|Any CPU
		{5994BF16-BBF0-46D2-A1AF-11D3641F6048}.Release|iPhone.ActiveCfg = Release|Any CPU
		{5994BF16-BBF0-46D2-A1AF-11D3641F6048}.Release|iPhone.Build.0 = Release|Any CPU
		{5994BF16-BBF0-46D2-A1AF-11D3641F6048}.Release|iPhoneSimulator.ActiveCfg = Release|Any CPU
		{5994BF16-BBF0-46D2-A1AF-11D3641F6048}.Release|iPhoneSimulator.Build.0 = Release|Any CPU
		{5994BF16-BBF0-46D2-A1AF-11D3641F6048}.Release|x64.ActiveCfg = Release|Any CPU
		{5994BF16-BBF0-46D2-A1AF-11D3641F6048}.Release|x64.Build.0 = Release|Any CPU
		{5994BF16-BBF0-46D2-A1AF-11D3641F6048}.Release|x86.ActiveCfg = Release|Any CPU
		{5994BF16-BBF0-46D2-A1AF-11D3641F6048}.Release|x86.Build.0 = Release|Any CPU
		{A39C80BB-5EA5-41CD-8866-96AEBFE70CA8}.Debug|Any CPU.ActiveCfg = Debug|iPhoneSimulator
		{A39C80BB-5EA5-41CD-8866-96AEBFE70CA8}.Debug|Any CPU.Build.0 = Debug|iPhoneSimulator
		{A39C80BB-5EA5-41CD-8866-96AEBFE70CA8}.Debug|ARM.ActiveCfg = Debug|iPhone
		{A39C80BB-5EA5-41CD-8866-96AEBFE70CA8}.Debug|iPhone.ActiveCfg = Debug|iPhone
		{A39C80BB-5EA5-41CD-8866-96AEBFE70CA8}.Debug|iPhone.Build.0 = Debug|iPhone
		{A39C80BB-5EA5-41CD-8866-96AEBFE70CA8}.Debug|iPhoneSimulator.ActiveCfg = Debug|iPhoneSimulator
		{A39C80BB-5EA5-41CD-8866-96AEBFE70CA8}.Debug|iPhoneSimulator.Build.0 = Debug|iPhoneSimulator
		{A39C80BB-5EA5-41CD-8866-96AEBFE70CA8}.Debug|x64.ActiveCfg = Debug|iPhone
		{A39C80BB-5EA5-41CD-8866-96AEBFE70CA8}.Debug|x86.ActiveCfg = Debug|iPhone
		{A39C80BB-5EA5-41CD-8866-96AEBFE70CA8}.Release|Any CPU.ActiveCfg = Release|iPhone
		{A39C80BB-5EA5-41CD-8866-96AEBFE70CA8}.Release|Any CPU.Build.0 = Release|iPhone
		{A39C80BB-5EA5-41CD-8866-96AEBFE70CA8}.Release|ARM.ActiveCfg = Release|iPhoneSimulator
		{A39C80BB-5EA5-41CD-8866-96AEBFE70CA8}.Release|iPhone.ActiveCfg = Release|iPhone
		{A39C80BB-5EA5-41CD-8866-96AEBFE70CA8}.Release|iPhone.Build.0 = Release|iPhone
		{A39C80BB-5EA5-41CD-8866-96AEBFE70CA8}.Release|iPhoneSimulator.ActiveCfg = Release|iPhoneSimulator
		{A39C80BB-5EA5-41CD-8866-96AEBFE70CA8}.Release|iPhoneSimulator.Build.0 = Release|iPhoneSimulator
		{A39C80BB-5EA5-41CD-8866-96AEBFE70CA8}.Release|x64.ActiveCfg = Release|iPhoneSimulator
		{A39C80BB-5EA5-41CD-8866-96AEBFE70CA8}.Release|x86.ActiveCfg = Release|iPhoneSimulator
		{BDB7B129-A976-4B5A-8368-065D59840A47}.Debug|Any CPU.ActiveCfg = Debug|x86
		{BDB7B129-A976-4B5A-8368-065D59840A47}.Debug|Any CPU.Build.0 = Debug|x86
		{BDB7B129-A976-4B5A-8368-065D59840A47}.Debug|Any CPU.Deploy.0 = Debug|x86
		{BDB7B129-A976-4B5A-8368-065D59840A47}.Debug|ARM.ActiveCfg = Debug|ARM
		{BDB7B129-A976-4B5A-8368-065D59840A47}.Debug|ARM.Build.0 = Debug|ARM
		{BDB7B129-A976-4B5A-8368-065D59840A47}.Debug|ARM.Deploy.0 = Debug|ARM
		{BDB7B129-A976-4B5A-8368-065D59840A47}.Debug|iPhone.ActiveCfg = Debug|x86
		{BDB7B129-A976-4B5A-8368-065D59840A47}.Debug|iPhoneSimulator.ActiveCfg = Debug|x86
		{BDB7B129-A976-4B5A-8368-065D59840A47}.Debug|x64.ActiveCfg = Debug|x64
		{BDB7B129-A976-4B5A-8368-065D59840A47}.Debug|x64.Build.0 = Debug|x64
		{BDB7B129-A976-4B5A-8368-065D59840A47}.Debug|x64.Deploy.0 = Debug|x64
		{BDB7B129-A976-4B5A-8368-065D59840A47}.Debug|x86.ActiveCfg = Debug|x86
		{BDB7B129-A976-4B5A-8368-065D59840A47}.Debug|x86.Build.0 = Debug|x86
		{BDB7B129-A976-4B5A-8368-065D59840A47}.Debug|x86.Deploy.0 = Debug|x86
		{BDB7B129-A976-4B5A-8368-065D59840A47}.Release|Any CPU.ActiveCfg = Release|x86
		{BDB7B129-A976-4B5A-8368-065D59840A47}.Release|ARM.ActiveCfg = Release|ARM
		{BDB7B129-A976-4B5A-8368-065D59840A47}.Release|ARM.Build.0 = Release|ARM
		{BDB7B129-A976-4B5A-8368-065D59840A47}.Release|ARM.Deploy.0 = Release|ARM
		{BDB7B129-A976-4B5A-8368-065D59840A47}.Release|iPhone.ActiveCfg = Release|x86
		{BDB7B129-A976-4B5A-8368-065D59840A47}.Release|iPhoneSimulator.ActiveCfg = Release|x86
		{BDB7B129-A976-4B5A-8368-065D59840A47}.Release|x64.ActiveCfg = Release|x64
		{BDB7B129-A976-4B5A-8368-065D59840A47}.Release|x64.Build.0 = Release|x64
		{BDB7B129-A976-4B5A-8368-065D59840A47}.Release|x64.Deploy.0 = Release|x64
		{BDB7B129-A976-4B5A-8368-065D59840A47}.Release|x86.ActiveCfg = Release|x86
		{BDB7B129-A976-4B5A-8368-065D59840A47}.Release|x86.Build.0 = Release|x86
		{BDB7B129-A976-4B5A-8368-065D59840A47}.Release|x86.Deploy.0 = Release|x86
		{C46F37C1-81A7-4E53-8B23-4A3113EDADA2}.Debug|Any CPU.ActiveCfg = Debug|Any CPU
		{C46F37C1-81A7-4E53-8B23-4A3113EDADA2}.Debug|Any CPU.Build.0 = Debug|Any CPU
		{C46F37C1-81A7-4E53-8B23-4A3113EDADA2}.Debug|ARM.ActiveCfg = Debug|Any CPU
		{C46F37C1-81A7-4E53-8B23-4A3113EDADA2}.Debug|ARM.Build.0 = Debug|Any CPU
		{C46F37C1-81A7-4E53-8B23-4A3113EDADA2}.Debug|iPhone.ActiveCfg = Debug|Any CPU
		{C46F37C1-81A7-4E53-8B23-4A3113EDADA2}.Debug|iPhone.Build.0 = Debug|Any CPU
		{C46F37C1-81A7-4E53-8B23-4A3113EDADA2}.Debug|iPhoneSimulator.ActiveCfg = Debug|Any CPU
		{C46F37C1-81A7-4E53-8B23-4A3113EDADA2}.Debug|iPhoneSimulator.Build.0 = Debug|Any CPU
		{C46F37C1-81A7-4E53-8B23-4A3113EDADA2}.Debug|x64.ActiveCfg = Debug|Any CPU
		{C46F37C1-81A7-4E53-8B23-4A3113EDADA2}.Debug|x64.Build.0 = Debug|Any CPU
		{C46F37C1-81A7-4E53-8B23-4A3113EDADA2}.Debug|x86.ActiveCfg = Debug|Any CPU
		{C46F37C1-81A7-4E53-8B23-4A3113EDADA2}.Debug|x86.Build.0 = Debug|Any CPU
		{C46F37C1-81A7-4E53-8B23-4A3113EDADA2}.Release|Any CPU.ActiveCfg = Release|Any CPU
		{C46F37C1-81A7-4E53-8B23-4A3113EDADA2}.Release|Any CPU.Build.0 = Release|Any CPU
		{C46F37C1-81A7-4E53-8B23-4A3113EDADA2}.Release|ARM.ActiveCfg = Release|Any CPU
		{C46F37C1-81A7-4E53-8B23-4A3113EDADA2}.Release|ARM.Build.0 = Release|Any CPU
		{C46F37C1-81A7-4E53-8B23-4A3113EDADA2}.Release|iPhone.ActiveCfg = Release|Any CPU
		{C46F37C1-81A7-4E53-8B23-4A3113EDADA2}.Release|iPhone.Build.0 = Release|Any CPU
		{C46F37C1-81A7-4E53-8B23-4A3113EDADA2}.Release|iPhoneSimulator.ActiveCfg = Release|Any CPU
		{C46F37C1-81A7-4E53-8B23-4A3113EDADA2}.Release|iPhoneSimulator.Build.0 = Release|Any CPU
		{C46F37C1-81A7-4E53-8B23-4A3113EDADA2}.Release|x64.ActiveCfg = Release|Any CPU
		{C46F37C1-81A7-4E53-8B23-4A3113EDADA2}.Release|x64.Build.0 = Release|Any CPU
		{C46F37C1-81A7-4E53-8B23-4A3113EDADA2}.Release|x86.ActiveCfg = Release|Any CPU
		{C46F37C1-81A7-4E53-8B23-4A3113EDADA2}.Release|x86.Build.0 = Release|Any CPU
	EndGlobalSection
	GlobalSection(SolutionProperties) = preSolution
		HideSolutionNode = FALSE
	EndGlobalSection
EndGlobal
